{
    "_readme": [
        "This file locks the dependencies of your project to a known state",
        "Read more about it at https://getcomposer.org/doc/01-basic-usage.md#installing-dependencies",
        "This file is @generated automatically"
    ],
    "content-hash": "2f438f09405e79768fba619fbd3cb105",
    "packages": [
        {
            "name": "fortawesome/wordpress-fontawesome",
            "version": "dev-master",
            "source": {
                "type": "git",
                "url": "https://github.com/FortAwesome/wordpress-fontawesome.git",
                "reference": "7fe152c08f01d180dcbe0e8aa8fc19008891a3f5"
            },
            "dist": {
                "type": "zip",
                "url": "https://api.github.com/repos/FortAwesome/wordpress-fontawesome/zipball/7fe152c08f01d180dcbe0e8aa8fc19008891a3f5",
                "reference": "7fe152c08f01d180dcbe0e8aa8fc19008891a3f5",
                "shasum": ""
            },
            "archive": {
                "exclude": [
                    "/images",
                    "/integrations",
                    "/tests",
                    ".gitattributes",
                    ".github",
                    ".gitignore",
                    ".travis.yml",
                    "/images",
                    "phpunit.xml.dist",
                    "phpcs.xml.dist",
                    "/.git",
                    "proxy-webpack-dev.conf",
                    "readme.txt",
                    "docker-php-ext-xdebug.ini",
                    "docker-compose.yml",
                    "/bin",
                    "admin/config",
                    "admin/src",
                    "admin/scripts",
                    "Dockerfile",
                    ".env",
                    "DEVELOPMENT.md"
                ]
            },
            "require-dev": {
                "dealerdirect/phpcodesniffer-composer-installer": "^0.7.0",
                "doctrine/annotations": "^1.11.1",
                "doctrine/instantiator": "^1.3.1",
                "doctrine/lexer": "^1.2.1",
                "phpdocumentor/phpdocumentor": "^3.0.0",
                "phpunit/phpunit": "^7.4.5",
                "squizlabs/php_codesniffer": "^3.5.8",
                "wp-coding-standards/wpcs": "^2.3.0"
            },
            "default-branch": true,
            "type": "library",
            "scripts": {
                "phpcs": [
                    "vendor/bin/phpcs --standard=phpcs.xml.dist"
                ],
                "phpcbf": [
                    "vendor/bin/phpcbf --standard=phpcs.xml.dist"
                ],
                "test": [
                    "vendor/bin/phpunit"
                ],
                "clean": [
                    "rm -fR wp-dist; rm -fR admin/build; rm -fR vendor; rm -f font-awesome.zip"
                ],
                "build.admin": [
                    "cd admin; npm install && npm run build"
                ],
                "build.compat": [
                    "cd compat-js; npm install && npm run build"
                ],
                "cleandocs": [
                    "rm -fR $TMPDIR/phpdoc-twig-cache && rm -fR phpdoc-data && rm -fR docs"
                ],
                "docs": [
                    "vendor/bin/phpdoc"
                ],
                "docsrv": [
                    "cd docsrv && npm install && node index.js"
                ],
                "dist": [
                    "composer clean && composer build.admin && composer build.compat && bin/make-wp-dist"
                ],
                "dist2trunk": [
                    "bin/dist-to-trunk.sh"
                ]
            },
            "license": [
                "GPL-2.0-or-later"
            ],
            "authors": [
                {
                    "name": "Mike Wilkerson",
                    "email": "mwlkerson@gmail.com",
                    "role": "Developer"
                }
            ],
            "description": "Official Font Awesome WordPress plugin composer package.",
            "homepage": "https://fontawesome.com",
            "keywords": [
                "font awesome",
                "font-awesome",
                "icon",
                "icons",
                "svg",
                "webfont"
            ],
            "support": {
                "email": "hello@fontawesome.com",
                "source": "https://github.com/FortAwesome/wordpress-fontawesome/tree/master",
                "issues": "https://github.com/FortAwesome/wordpress-fontawesome/issues"
            },
            "time": "2021-08-25T20:43:38+00:00"
        }
    ],
    "packages-dev": [],
    "aliases": [],
    "minimum-stability": "stable",
    "stability-flags": {
        "fortawesome/wordpress-fontawesome": 20
    },
    "prefer-stable": false,
    "prefer-lowest": false,
    "platform": [],
    "platform-dev": [],
    "plugin-api-version": "2.0.0"
}
