# THIS IS AN AUTOGENERATED FILE. DO NOT EDIT THIS FILE DIRECTLY.
# yarn lockfile v1


react-shadow-dom-retarget-events@^1.0.11:
  version "1.0.11"
  resolved "https://registry.yarnpkg.com/react-shadow-dom-retarget-events/-/react-shadow-dom-retarget-events-1.0.11.tgz#e57ce3ba0bc8159fec4861778daf02161440f156"
  integrity sha512-4ExKxKEWUCEmVBZmtly5lgHd9vz/NDKv5H7KmFZZxHZW/W6EmmzyOA928OqeWPxcfXUjfNG8q3hpwCD9O7CRRg==
