{
    "_readme": [
        "This file locks the dependencies of your project to a known state",
        "Read more about it at https://getcomposer.org/doc/01-basic-usage.md#installing-dependencies",
        "This file is @generated automatically"
    ],
    "content-hash": "7d19331d370ae01d6364c469a71f0a5c",
    "packages": [
        {
            "name": "fortawesome/wordpress-fontawesome",
            "version": "dev-main",
            "source": {
                "type": "git",
                "url": "https://github.com/FortAwesome/wordpress-fontawesome.git",
                "reference": "413172830903ba6394c12f51281e86c398707082"
            },
            "dist": {
                "type": "zip",
                "url": "https://api.github.com/repos/FortAwesome/wordpress-fontawesome/zipball/413172830903ba6394c12f51281e86c398707082",
                "reference": "413172830903ba6394c12f51281e86c398707082",
                "shasum": ""
            },
            "require-dev": {
                "dealerdirect/phpcodesniffer-composer-installer": "^1",
                "phpunit/phpunit": "^8",
                "squizlabs/php_codesniffer": "^3.10.2",
                "wp-coding-standards/wpcs": "^3.1.0",
                "yoast/phpunit-polyfills": "^1.1",
                "yoast/wp-test-utils": "^1.0"
            },
            "default-branch": true,
            "type": "library",
            "archive": {
                "exclude": [
                    "/images",
                    "/assets",
                    "/integrations",
                    "/tests",
                    "/.git",
                    "/bin",
                    "/docker",
                    "/docs",
                    "/docsrv",
                    ".gitattributes",
                    ".github",
                    ".gitignore",
                    ".travis.yml",
                    "phpunit.xml.dist",
                    ".phpcs.xml",
                    "phpdoc.dist.xml",
                    "readme.txt",
                    "docker-php-ext-xdebug.ini",
                    "docker-compose.yml",
                    "/admin/src/*",
                    "jest-e2e.config.js",
                    "admin/webpack.config.js",
                    "admin/package*.json",
                    "/block-editor",
                    "!/block-editor/build",
                    "!/block-editor/block_init.php",
                    "/classic-editor",
                    "!/classic-editor/build",
                    "/icon-chooser",
                    "!/icon-chooser/build",
                    "webpack.config.js",
                    ".env",
                    "DEVELOPMENT.md",
                    "/composer-php*.json",
                    "/composer-php*.lock",
                    ".editorconfig",
                    ".npmrc",
                    ".php-cs-fixer.cache"
                ]
            },
            "scripts": {
                "phpcs": [
                    "phpcs --standard=.phpcs.xml"
                ],
                "phpcbf": [
                    "phpcbf --standard=.phpcs.xml"
                ],
                "test": [
                    "phpunit"
                ],
                "clean": [
                    "rm -fR wp-dist && rm -fR admin/build && rm -fR block-editor/build && rm -fR classic-editor/build && rm -fR icon-chooser/build && rm -fR vendor && rm -f font-awesome.zip"
                ],
                "build.admin": [
                    "cd admin; npm install && npm run build"
                ],
                "build.block-editor": [
                    "cd block-editor; npm install && npm run build"
                ],
                "build.classic-editor": [
                    "cd classic-editor; npm install && npm run build"
                ],
                "build.icon-chooser": [
                    "cd icon-chooser; npm install && npm run build"
                ],
                "cleandocs": [
                    "rm -fR $TMPDIR/phpdoc-twig-cache && rm -fR phpdoc-data && rm -fR docs"
                ],
                "dist": [
                    "composer clean && composer build.admin && composer build.block-editor && composer build.classic-editor && composer build.icon-chooser && bin/make-wp-dist-zip"
                ]
            },
            "license": [
                "GPL-2.0-or-later"
            ],
            "authors": [
                {
                    "name": "Mike Wilkerson",
                    "email": "mwilkerson@gmail.com",
                    "role": "Developer"
                }
            ],
            "description": "Official Font Awesome WordPress plugin composer package.",
            "homepage": "https://fontawesome.com",
            "keywords": [
                "font awesome",
                "font-awesome",
                "icon",
                "icons",
                "svg",
                "webfont"
            ],
            "support": {
                "email": "hello@fontawesome.com",
                "source": "https://github.com/FortAwesome/wordpress-fontawesome/tree/main",
                "issues": "https://github.com/FortAwesome/wordpress-fontawesome/issues"
            },
            "time": "2025-02-24T19:07:41+00:00"
        }
    ],
    "packages-dev": [],
    "aliases": [],
    "minimum-stability": "stable",
    "stability-flags": {
        "fortawesome/wordpress-fontawesome": 20
    },
    "prefer-stable": false,
    "prefer-lowest": false,
    "platform": {},
    "platform-dev": {},
    "plugin-api-version": "2.6.0"
}
